
Microsoft Visual Studio Solution File, Format Version 12.00
# Visual Studio Version 16
VisualStudioVersion = 16.0.30204.135
MinimumVisualStudioVersion = 10.0.40219.1
Project("{FAE04EC0-301F-11D3-BF4B-00C04F79EFBC}") = "PizzaHouse", "PizzaHouse.csproj", "{AB5D5B21-7374-463B-B05D-95AC5009D6E7}"
EndProject
Global
	GlobalSection(SolutionConfigurationPlatforms) = preSolution
		Debug|Any CPU = Debug|Any CPU
		Release|Any CPU = Release|Any CPU
	EndGlobalSection
	GlobalSection(ProjectConfigurationPlatforms) = postSolution
		{AB5D5B21-7374-463B-B05D-95AC5009D6E7}.Debug|Any CPU.ActiveCfg = Debug|Any CPU
		{AB5D5B21-7374-463B-B05D-95AC5009D6E7}.Debug|Any CPU.Build.0 = Debug|Any CPU
		{AB5D5B21-7374-463B-B05D-95AC5009D6E7}.Release|Any CPU.ActiveCfg = Release|Any CPU
		{AB5D5B21-7374-463B-B05D-95AC5009D6E7}.Release|Any CPU.Build.0 = Release|Any CPU
	EndGlobalSection
	GlobalSection(SolutionProperties) = preSolution
		HideSolutionNode = FALSE
	EndGlobalSection
	GlobalSection(ExtensibilityGlobals) = postSolution
		SolutionGuid = {62D01560-0F21-44EF-8BDA-F6265F7EC149}
	EndGlobalSection
EndGlobal
